
Microsoft Visual Studio Solution File, Format Version 12.00
# Visual Studio Version 16
VisualStudioVersion = 16.0.29306.81
MinimumVisualStudioVersion = 10.0.40219.1
Project("{FAE04EC0-301F-11D3-BF4B-00C04F79EFBC}") = "TomorrowDiesToday.UWP", "TomorrowDiesToday\TomorrowDiesToday.UWP\TomorrowDiesToday.UWP.csproj", "{7AC843E7-3474-422F-8F14-9FE8835E6665}"
EndProject
Project("{FAE04EC0-301F-11D3-BF4B-00C04F79EFBC}") = "TomorrowDiesToday.Android", "TomorrowDiesToday\TomorrowDiesToday.Android\TomorrowDiesToday.Android.csproj", "{D0393B0D-3755-4C77-8AB1-7B297E7D089F}"
EndProject
Project("{FAE04EC0-301F-11D3-BF4B-00C04F79EFBC}") = "TomorrowDiesToday.iOS", "TomorrowDiesToday\TomorrowDiesToday.iOS\TomorrowDiesToday.iOS.csproj", "{AC3E5B77-9433-4D88-B28A-8CB69701B06C}"
EndProject
Project("{9A19103F-16F7-4668-BE54-9A1E7A4F7556}") = "TomorrowDiesToday", "TomorrowDiesToday\TomorrowDiesToday\TomorrowDiesToday.csproj", "{45BB94BA-EA40-471B-A49A-D208ABB71440}"
EndProject
Project("{9A19103F-16F7-4668-BE54-9A1E7A4F7556}") = "TomorrowDiesToday.Models", "TomorrowDiesToday.Models\TomorrowDiesToday.Models.csproj", "{3734E0DA-1BB2-41D9-A069-FFA193E6EFA6}"
EndProject
Project("{9A19103F-16F7-4668-BE54-9A1E7A4F7556}") = "TomorrowDiesToday.Services", "TomorrowDiesToday.Services\TomorrowDiesToday.Services.csproj", "{76AE971E-6A3C-4028-B2E3-FBED59E7D5C5}"
EndProject
Project("{FAE04EC0-301F-11D3-BF4B-00C04F79EFBC}") = "TomorrowDiesToday.Tests", "TomorrowDiesToday.Tests\TomorrowDiesToday.Tests.csproj", "{EFA80607-3967-494B-A9B1-712E703BB316}"
EndProject
Global
	GlobalSection(SolutionConfigurationPlatforms) = preSolution
		Debug|Any CPU = Debug|Any CPU
		Debug|ARM = Debug|ARM
		Debug|iPhone = Debug|iPhone
		Debug|iPhoneSimulator = Debug|iPhoneSimulator
		Debug|x64 = Debug|x64
		Debug|x86 = Debug|x86
		Release|Any CPU = Release|Any CPU
		Release|ARM = Release|ARM
		Release|iPhone = Release|iPhone
		Release|iPhoneSimulator = Release|iPhoneSimulator
		Release|x64 = Release|x64
		Release|x86 = Release|x86
	EndGlobalSection
	GlobalSection(ProjectConfigurationPlatforms) = postSolution
		{7AC843E7-3474-422F-8F14-9FE8835E6665}.Debug|Any CPU.ActiveCfg = Debug|x86
		{7AC843E7-3474-422F-8F14-9FE8835E6665}.Debug|Any CPU.Build.0 = Debug|x86
		{7AC843E7-3474-422F-8F14-9FE8835E6665}.Debug|Any CPU.Deploy.0 = Debug|x86
		{7AC843E7-3474-422F-8F14-9FE8835E6665}.Debug|ARM.ActiveCfg = Debug|ARM
		{7AC843E7-3474-422F-8F14-9FE8835E6665}.Debug|ARM.Build.0 = Debug|ARM
		{7AC843E7-3474-422F-8F14-9FE8835E6665}.Debug|ARM.Deploy.0 = Debug|ARM
		{7AC843E7-3474-422F-8F14-9FE8835E6665}.Debug|iPhone.ActiveCfg = Debug|x86
		{7AC843E7-3474-422F-8F14-9FE8835E6665}.Debug|iPhone.Build.0 = Debug|x86
		{7AC843E7-3474-422F-8F14-9FE8835E6665}.Debug|iPhone.Deploy.0 = Debug|x86
		{7AC843E7-3474-422F-8F14-9FE8835E6665}.Debug|iPhoneSimulator.ActiveCfg = Debug|x86
		{7AC843E7-3474-422F-8F14-9FE8835E6665}.Debug|iPhoneSimulator.Build.0 = Debug|x86
		{7AC843E7-3474-422F-8F14-9FE8835E6665}.Debug|iPhoneSimulator.Deploy.0 = Debug|x86
		{7AC843E7-3474-422F-8F14-9FE8835E6665}.Debug|x64.ActiveCfg = Debug|x64
		{7AC843E7-3474-422F-8F14-9FE8835E6665}.Debug|x64.Build.0 = Debug|x64
		{7AC843E7-3474-422F-8F14-9FE8835E6665}.Debug|x64.Deploy.0 = Debug|x64
		{7AC843E7-3474-422F-8F14-9FE8835E6665}.Debug|x86.ActiveCfg = Debug|x86
		{7AC843E7-3474-422F-8F14-9FE8835E6665}.Debug|x86.Build.0 = Debug|x86
		{7AC843E7-3474-422F-8F14-9FE8835E6665}.Debug|x86.Deploy.0 = Debug|x86
		{7AC843E7-3474-422F-8F14-9FE8835E6665}.Release|Any CPU.ActiveCfg = Release|x86
		{7AC843E7-3474-422F-8F14-9FE8835E6665}.Release|Any CPU.Build.0 = Release|x86
		{7AC843E7-3474-422F-8F14-9FE8835E6665}.Release|Any CPU.Deploy.0 = Release|x86
		{7AC843E7-3474-422F-8F14-9FE8835E6665}.Release|ARM.ActiveCfg = Release|ARM
		{7AC843E7-3474-422F-8F14-9FE8835E6665}.Release|ARM.Build.0 = Release|ARM
		{7AC843E7-3474-422F-8F14-9FE8835E6665}.Release|ARM.Deploy.0 = Release|ARM
		{7AC843E7-3474-422F-8F14-9FE8835E6665}.Release|iPhone.ActiveCfg = Release|x86
		{7AC843E7-3474-422F-8F14-9FE8835E6665}.Release|iPhone.Build.0 = Release|x86
		{7AC843E7-3474-422F-8F14-9FE8835E6665}.Release|iPhone.Deploy.0 = Release|x86
		{7AC843E7-3474-422F-8F14-9FE8835E6665}.Release|iPhoneSimulator.ActiveCfg = Release|x86
		{7AC843E7-3474-422F-8F14-9FE8835E6665}.Release|iPhoneSimulator.Build.0 = Release|x86
		{7AC843E7-3474-422F-8F14-9FE8835E6665}.Release|iPhoneSimulator.Deploy.0 = Release|x86
		{7AC843E7-3474-422F-8F14-9FE8835E6665}.Release|x64.ActiveCfg = Release|x64
		{7AC843E7-3474-422F-8F14-9FE8835E6665}.Release|x64.Build.0 = Release|x64
		{7AC843E7-3474-422F-8F14-9FE8835E6665}.Release|x64.Deploy.0 = Release|x64
		{7AC843E7-3474-422F-8F14-9FE8835E6665}.Release|x86.ActiveCfg = Release|x86
		{7AC843E7-3474-422F-8F14-9FE8835E6665}.Release|x86.Build.0 = Release|x86
		{7AC843E7-3474-422F-8F14-9FE8835E6665}.Release|x86.Deploy.0 = Release|x86
		{D0393B0D-3755-4C77-8AB1-7B297E7D089F}.Debug|Any CPU.ActiveCfg = Debug|Any CPU
		{D0393B0D-3755-4C77-8AB1-7B297E7D089F}.Debug|Any CPU.Build.0 = Debug|Any CPU
		{D0393B0D-3755-4C77-8AB1-7B297E7D089F}.Debug|Any CPU.Deploy.0 = Debug|Any CPU
		{D0393B0D-3755-4C77-8AB1-7B297E7D089F}.Debug|ARM.ActiveCfg = Debug|Any CPU
		{D0393B0D-3755-4C77-8AB1-7B297E7D089F}.Debug|ARM.Build.0 = Debug|Any CPU
		{D0393B0D-3755-4C77-8AB1-7B297E7D089F}.Debug|ARM.Deploy.0 = Debug|Any CPU
		{D0393B0D-3755-4C77-8AB1-7B297E7D089F}.Debug|iPhone.ActiveCfg = Debug|Any CPU
		{D0393B0D-3755-4C77-8AB1-7B297E7D089F}.Debug|iPhone.Build.0 = Debug|Any CPU
		{D0393B0D-3755-4C77-8AB1-7B297E7D089F}.Debug|iPhone.Deploy.0 = Debug|Any CPU
		{D0393B0D-3755-4C77-8AB1-7B297E7D089F}.Debug|iPhoneSimulator.ActiveCfg = Debug|Any CPU
		{D0393B0D-3755-4C77-8AB1-7B297E7D089F}.Debug|iPhoneSimulator.Build.0 = Debug|Any CPU
		{D0393B0D-3755-4C77-8AB1-7B297E7D089F}.Debug|iPhoneSimulator.Deploy.0 = Debug|Any CPU
		{D0393B0D-3755-4C77-8AB1-7B297E7D089F}.Debug|x64.ActiveCfg = Debug|Any CPU
		{D0393B0D-3755-4C77-8AB1-7B297E7D089F}.Debug|x64.Build.0 = Debug|Any CPU
		{D0393B0D-3755-4C77-8AB1-7B297E7D089F}.Debug|x64.Deploy.0 = Debug|Any CPU
		{D0393B0D-3755-4C77-8AB1-7B297E7D089F}.Debug|x86.ActiveCfg = Debug|Any CPU
		{D0393B0D-3755-4C77-8AB1-7B297E7D089F}.Debug|x86.Build.0 = Debug|Any CPU
		{D0393B0D-3755-4C77-8AB1-7B297E7D089F}.Debug|x86.Deploy.0 = Debug|Any CPU
		{D0393B0D-3755-4C77-8AB1-7B297E7D089F}.Release|Any CPU.ActiveCfg = Release|Any CPU
		{D0393B0D-3755-4C77-8AB1-7B297E7D089F}.Release|Any CPU.Build.0 = Release|Any CPU
		{D0393B0D-3755-4C77-8AB1-7B297E7D089F}.Release|Any CPU.Deploy.0 = Release|Any CPU
		{D0393B0D-3755-4C77-8AB1-7B297E7D089F}.Release|ARM.ActiveCfg = Release|Any CPU
		{D0393B0D-3755-4C77-8AB1-7B297E7D089F}.Release|ARM.Build.0 = Release|Any CPU
		{D0393B0D-3755-4C77-8AB1-7B297E7D089F}.Release|ARM.Deploy.0 = Release|Any CPU
		{D0393B0D-3755-4C77-8AB1-7B297E7D089F}.Release|iPhone.ActiveCfg = Release|Any CPU
		{D0393B0D-3755-4C77-8AB1-7B297E7D089F}.Release|iPhone.Build.0 = Release|Any CPU
		{D0393B0D-3755-4C77-8AB1-7B297E7D089F}.Release|iPhone.Deploy.0 = Release|Any CPU
		{D0393B0D-3755-4C77-8AB1-7B297E7D089F}.Release|iPhoneSimulator.ActiveCfg = Release|Any CPU
		{D0393B0D-3755-4C77-8AB1-7B297E7D089F}.Release|iPhoneSimulator.Build.0 = Release|Any CPU
		{D0393B0D-3755-4C77-8AB1-7B297E7D089F}.Release|iPhoneSimulator.Deploy.0 = Release|Any CPU
		{D0393B0D-3755-4C77-8AB1-7B297E7D089F}.Release|x64.ActiveCfg = Release|Any CPU
		{D0393B0D-3755-4C77-8AB1-7B297E7D089F}.Release|x64.Build.0 = Release|Any CPU
		{D0393B0D-3755-4C77-8AB1-7B297E7D089F}.Release|x64.Deploy.0 = Release|Any CPU
		{D0393B0D-3755-4C77-8AB1-7B297E7D089F}.Release|x86.ActiveCfg = Release|Any CPU
		{D0393B0D-3755-4C77-8AB1-7B297E7D089F}.Release|x86.Build.0 = Release|Any CPU
		{D0393B0D-3755-4C77-8AB1-7B297E7D089F}.Release|x86.Deploy.0 = Release|Any CPU
		{AC3E5B77-9433-4D88-B28A-8CB69701B06C}.Debug|Any CPU.ActiveCfg = Debug|iPhone
		{AC3E5B77-9433-4D88-B28A-8CB69701B06C}.Debug|Any CPU.Build.0 = Debug|iPhone
		{AC3E5B77-9433-4D88-B28A-8CB69701B06C}.Debug|Any CPU.Deploy.0 = Debug|iPhone
		{AC3E5B77-9433-4D88-B28A-8CB69701B06C}.Debug|ARM.ActiveCfg = Debug|iPhoneSimulator
		{AC3E5B77-9433-4D88-B28A-8CB69701B06C}.Debug|ARM.Build.0 = Debug|iPhoneSimulator
		{AC3E5B77-9433-4D88-B28A-8CB69701B06C}.Debug|ARM.Deploy.0 = Debug|iPhoneSimulator
		{AC3E5B77-9433-4D88-B28A-8CB69701B06C}.Debug|iPhone.ActiveCfg = Debug|iPhone
		{AC3E5B77-9433-4D88-B28A-8CB69701B06C}.Debug|iPhone.Build.0 = Debug|iPhone
		{AC3E5B77-9433-4D88-B28A-8CB69701B06C}.Debug|iPhone.Deploy.0 = Debug|iPhone
		{AC3E5B77-9433-4D88-B28A-8CB69701B06C}.Debug|iPhoneSimulator.ActiveCfg = Debug|iPhoneSimulator
		{AC3E5B77-9433-4D88-B28A-8CB69701B06C}.Debug|iPhoneSimulator.Build.0 = Debug|iPhoneSimulator
		{AC3E5B77-9433-4D88-B28A-8CB69701B06C}.Debug|iPhoneSimulator.Deploy.0 = Debug|iPhoneSimulator
		{AC3E5B77-9433-4D88-B28A-8CB69701B06C}.Debug|x64.ActiveCfg = Debug|iPhone
		{AC3E5B77-9433-4D88-B28A-8CB69701B06C}.Debug|x64.Build.0 = Debug|iPhone
		{AC3E5B77-9433-4D88-B28A-8CB69701B06C}.Debug|x64.Deploy.0 = Debug|iPhone
		{AC3E5B77-9433-4D88-B28A-8CB69701B06C}.Debug|x86.ActiveCfg = Debug|iPhone
		{AC3E5B77-9433-4D88-B28A-8CB69701B06C}.Debug|x86.Build.0 = Debug|iPhone
		{AC3E5B77-9433-4D88-B28A-8CB69701B06C}.Debug|x86.Deploy.0 = Debug|iPhone
		{AC3E5B77-9433-4D88-B28A-8CB69701B06C}.Release|Any CPU.ActiveCfg = Release|iPhone
		{AC3E5B77-9433-4D88-B28A-8CB69701B06C}.Release|Any CPU.Build.0 = Release|iPhone
		{AC3E5B77-9433-4D88-B28A-8CB69701B06C}.Release|Any CPU.Deploy.0 = Release|iPhone
		{AC3E5B77-9433-4D88-B28A-8CB69701B06C}.Release|ARM.ActiveCfg = Release|iPhone
		{AC3E5B77-9433-4D88-B28A-8CB69701B06C}.Release|ARM.Build.0 = Release|iPhone
		{AC3E5B77-9433-4D88-B28A-8CB69701B06C}.Release|ARM.Deploy.0 = Release|iPhone
		{AC3E5B77-9433-4D88-B28A-8CB69701B06C}.Release|iPhone.ActiveCfg = Release|iPhone
		{AC3E5B77-9433-4D88-B28A-8CB69701B06C}.Release|iPhone.Build.0 = Release|iPhone
		{AC3E5B77-9433-4D88-B28A-8CB69701B06C}.Release|iPhone.Deploy.0 = Release|iPhone
		{AC3E5B77-9433-4D88-B28A-8CB69701B06C}.Release|iPhoneSimulator.ActiveCfg = Release|iPhoneSimulator
		{AC3E5B77-9433-4D88-B28A-8CB69701B06C}.Release|iPhoneSimulator.Build.0 = Release|iPhoneSimulator
		{AC3E5B77-9433-4D88-B28A-8CB69701B06C}.Release|iPhoneSimulator.Deploy.0 = Release|iPhoneSimulator
		{AC3E5B77-9433-4D88-B28A-8CB69701B06C}.Release|x64.ActiveCfg = Release|iPhone
		{AC3E5B77-9433-4D88-B28A-8CB69701B06C}.Release|x64.Build.0 = Release|iPhone
		{AC3E5B77-9433-4D88-B28A-8CB69701B06C}.Release|x64.Deploy.0 = Release|iPhone
		{AC3E5B77-9433-4D88-B28A-8CB69701B06C}.Release|x86.ActiveCfg = Release|iPhone
		{AC3E5B77-9433-4D88-B28A-8CB69701B06C}.Release|x86.Build.0 = Release|iPhone
		{AC3E5B77-9433-4D88-B28A-8CB69701B06C}.Release|x86.Deploy.0 = Release|iPhone
		{45BB94BA-EA40-471B-A49A-D208ABB71440}.Debug|Any CPU.ActiveCfg = Debug|Any CPU
		{45BB94BA-EA40-471B-A49A-D208ABB71440}.Debug|Any CPU.Build.0 = Debug|Any CPU
		{45BB94BA-EA40-471B-A49A-D208ABB71440}.Debug|Any CPU.Deploy.0 = Debug|Any CPU
		{45BB94BA-EA40-471B-A49A-D208ABB71440}.Debug|ARM.ActiveCfg = Debug|Any CPU
		{45BB94BA-EA40-471B-A49A-D208ABB71440}.Debug|ARM.Build.0 = Debug|Any CPU
		{45BB94BA-EA40-471B-A49A-D208ABB71440}.Debug|ARM.Deploy.0 = Debug|Any CPU
		{45BB94BA-EA40-471B-A49A-D208ABB71440}.Debug|iPhone.ActiveCfg = Debug|Any CPU
		{45BB94BA-EA40-471B-A49A-D208ABB71440}.Debug|iPhone.Build.0 = Debug|Any CPU
		{45BB94BA-EA40-471B-A49A-D208ABB71440}.Debug|iPhone.Deploy.0 = Debug|Any CPU
		{45BB94BA-EA40-471B-A49A-D208ABB71440}.Debug|iPhoneSimulator.ActiveCfg = Debug|Any CPU
		{45BB94BA-EA40-471B-A49A-D208ABB71440}.Debug|iPhoneSimulator.Build.0 = Debug|Any CPU
		{45BB94BA-EA40-471B-A49A-D208ABB71440}.Debug|iPhoneSimulator.Deploy.0 = Debug|Any CPU
		{45BB94BA-EA40-471B-A49A-D208ABB71440}.Debug|x64.ActiveCfg = Debug|Any CPU
		{45BB94BA-EA40-471B-A49A-D208ABB71440}.Debug|x64.Build.0 = Debug|Any CPU
		{45BB94BA-EA40-471B-A49A-D208ABB71440}.Debug|x64.Deploy.0 = Debug|Any CPU
		{45BB94BA-EA40-471B-A49A-D208ABB71440}.Debug|x86.ActiveCfg = Debug|Any CPU
		{45BB94BA-EA40-471B-A49A-D208ABB71440}.Debug|x86.Build.0 = Debug|Any CPU
		{45BB94BA-EA40-471B-A49A-D208ABB71440}.Debug|x86.Deploy.0 = Debug|Any CPU
		{45BB94BA-EA40-471B-A49A-D208ABB71440}.Release|Any CPU.ActiveCfg = Release|Any CPU
		{45BB94BA-EA40-471B-A49A-D208ABB71440}.Release|Any CPU.Build.0 = Release|Any CPU
		{45BB94BA-EA40-471B-A49A-D208ABB71440}.Release|Any CPU.Deploy.0 = Release|Any CPU
		{45BB94BA-EA40-471B-A49A-D208ABB71440}.Release|ARM.ActiveCfg = Release|Any CPU
		{45BB94BA-EA40-471B-A49A-D208ABB71440}.Release|ARM.Build.0 = Release|Any CPU
		{45BB94BA-EA40-471B-A49A-D208ABB71440}.Release|ARM.Deploy.0 = Release|Any CPU
		{45BB94BA-EA40-471B-A49A-D208ABB71440}.Release|iPhone.ActiveCfg = Release|Any CPU
		{45BB94BA-EA40-471B-A49A-D208ABB71440}.Release|iPhone.Build.0 = Release|Any CPU
		{45BB94BA-EA40-471B-A49A-D208ABB71440}.Release|iPhone.Deploy.0 = Release|Any CPU
		{45BB94BA-EA40-471B-A49A-D208ABB71440}.Release|iPhoneSimulator.ActiveCfg = Release|Any CPU
		{45BB94BA-EA40-471B-A49A-D208ABB71440}.Release|iPhoneSimulator.Build.0 = Release|Any CPU
		{45BB94BA-EA40-471B-A49A-D208ABB71440}.Release|iPhoneSimulator.Deploy.0 = Release|Any CPU
		{45BB94BA-EA40-471B-A49A-D208ABB71440}.Release|x64.ActiveCfg = Release|Any CPU
		{45BB94BA-EA40-471B-A49A-D208ABB71440}.Release|x64.Build.0 = Release|Any CPU
		{45BB94BA-EA40-471B-A49A-D208ABB71440}.Release|x64.Deploy.0 = Release|Any CPU
		{45BB94BA-EA40-471B-A49A-D208ABB71440}.Release|x86.ActiveCfg = Release|Any CPU
		{45BB94BA-EA40-471B-A49A-D208ABB71440}.Release|x86.Build.0 = Release|Any CPU
		{45BB94BA-EA40-471B-A49A-D208ABB71440}.Release|x86.Deploy.0 = Release|Any CPU
		{3734E0DA-1BB2-41D9-A069-FFA193E6EFA6}.Debug|Any CPU.ActiveCfg = Debug|Any CPU
		{3734E0DA-1BB2-41D9-A069-FFA193E6EFA6}.Debug|Any CPU.Build.0 = Debug|Any CPU
		{3734E0DA-1BB2-41D9-A069-FFA193E6EFA6}.Debug|ARM.ActiveCfg = Debug|Any CPU
		{3734E0DA-1BB2-41D9-A069-FFA193E6EFA6}.Debug|ARM.Build.0 = Debug|Any CPU
		{3734E0DA-1BB2-41D9-A069-FFA193E6EFA6}.Debug|iPhone.ActiveCfg = Debug|Any CPU
		{3734E0DA-1BB2-41D9-A069-FFA193E6EFA6}.Debug|iPhone.Build.0 = Debug|Any CPU
		{3734E0DA-1BB2-41D9-A069-FFA193E6EFA6}.Debug|iPhoneSimulator.ActiveCfg = Debug|Any CPU
		{3734E0DA-1BB2-41D9-A069-FFA193E6EFA6}.Debug|iPhoneSimulator.Build.0 = Debug|Any CPU
		{3734E0DA-1BB2-41D9-A069-FFA193E6EFA6}.Debug|x64.ActiveCfg = Debug|Any CPU
		{3734E0DA-1BB2-41D9-A069-FFA193E6EFA6}.Debug|x64.Build.0 = Debug|Any CPU
		{3734E0DA-1BB2-41D9-A069-FFA193E6EFA6}.Debug|x86.ActiveCfg = Debug|Any CPU
		{3734E0DA-1BB2-41D9-A069-FFA193E6EFA6}.Debug|x86.Build.0 = Debug|Any CPU
		{3734E0DA-1BB2-41D9-A069-FFA193E6EFA6}.Release|Any CPU.ActiveCfg = Release|Any CPU
		{3734E0DA-1BB2-41D9-A069-FFA193E6EFA6}.Release|Any CPU.Build.0 = Release|Any CPU
		{3734E0DA-1BB2-41D9-A069-FFA193E6EFA6}.Release|ARM.ActiveCfg = Release|Any CPU
		{3734E0DA-1BB2-41D9-A069-FFA193E6EFA6}.Release|ARM.Build.0 = Release|Any CPU
		{3734E0DA-1BB2-41D9-A069-FFA193E6EFA6}.Release|iPhone.ActiveCfg = Release|Any CPU
		{3734E0DA-1BB2-41D9-A069-FFA193E6EFA6}.Release|iPhone.Build.0 = Release|Any CPU
		{3734E0DA-1BB2-41D9-A069-FFA193E6EFA6}.Release|iPhoneSimulator.ActiveCfg = Release|Any CPU
		{3734E0DA-1BB2-41D9-A069-FFA193E6EFA6}.Release|iPhoneSimulator.Build.0 = Release|Any CPU
		{3734E0DA-1BB2-41D9-A069-FFA193E6EFA6}.Release|x64.ActiveCfg = Release|Any CPU
		{3734E0DA-1BB2-41D9-A069-FFA193E6EFA6}.Release|x64.Build.0 = Release|Any CPU
		{3734E0DA-1BB2-41D9-A069-FFA193E6EFA6}.Release|x86.ActiveCfg = Release|Any CPU
		{3734E0DA-1BB2-41D9-A069-FFA193E6EFA6}.Release|x86.Build.0 = Release|Any CPU
		{76AE971E-6A3C-4028-B2E3-FBED59E7D5C5}.Debug|Any CPU.ActiveCfg = Debug|Any CPU
		{76AE971E-6A3C-4028-B2E3-FBED59E7D5C5}.Debug|Any CPU.Build.0 = Debug|Any CPU
		{76AE971E-6A3C-4028-B2E3-FBED59E7D5C5}.Debug|ARM.ActiveCfg = Debug|Any CPU
		{76AE971E-6A3C-4028-B2E3-FBED59E7D5C5}.Debug|ARM.Build.0 = Debug|Any CPU
		{76AE971E-6A3C-4028-B2E3-FBED59E7D5C5}.Debug|iPhone.ActiveCfg = Debug|Any CPU
		{76AE971E-6A3C-4028-B2E3-FBED59E7D5C5}.Debug|iPhone.Build.0 = Debug|Any CPU
		{76AE971E-6A3C-4028-B2E3-FBED59E7D5C5}.Debug|iPhoneSimulator.ActiveCfg = Debug|Any CPU
		{76AE971E-6A3C-4028-B2E3-FBED59E7D5C5}.Debug|iPhoneSimulator.Build.0 = Debug|Any CPU
		{76AE971E-6A3C-4028-B2E3-FBED59E7D5C5}.Debug|x64.ActiveCfg = Debug|Any CPU
		{76AE971E-6A3C-4028-B2E3-FBED59E7D5C5}.Debug|x64.Build.0 = Debug|Any CPU
		{76AE971E-6A3C-4028-B2E3-FBED59E7D5C5}.Debug|x86.ActiveCfg = Debug|Any CPU
		{76AE971E-6A3C-4028-B2E3-FBED59E7D5C5}.Debug|x86.Build.0 = Debug|Any CPU
		{76AE971E-6A3C-4028-B2E3-FBED59E7D5C5}.Release|Any CPU.ActiveCfg = Release|Any CPU
		{76AE971E-6A3C-4028-B2E3-FBED59E7D5C5}.Release|Any CPU.Build.0 = Release|Any CPU
		{76AE971E-6A3C-4028-B2E3-FBED59E7D5C5}.Release|ARM.ActiveCfg = Release|Any CPU
		{76AE971E-6A3C-4028-B2E3-FBED59E7D5C5}.Release|ARM.Build.0 = Release|Any CPU
		{76AE971E-6A3C-4028-B2E3-FBED59E7D5C5}.Release|iPhone.ActiveCfg = Release|Any CPU
		{76AE971E-6A3C-4028-B2E3-FBED59E7D5C5}.Release|iPhone.Build.0 = Release|Any CPU
		{76AE971E-6A3C-4028-B2E3-FBED59E7D5C5}.Release|iPhoneSimulator.ActiveCfg = Release|Any CPU
		{76AE971E-6A3C-4028-B2E3-FBED59E7D5C5}.Release|iPhoneSimulator.Build.0 = Release|Any CPU
		{76AE971E-6A3C-4028-B2E3-FBED59E7D5C5}.Release|x64.ActiveCfg = Release|Any CPU
		{76AE971E-6A3C-4028-B2E3-FBED59E7D5C5}.Release|x64.Build.0 = Release|Any CPU
		{76AE971E-6A3C-4028-B2E3-FBED59E7D5C5}.Release|x86.ActiveCfg = Release|Any CPU
		{76AE971E-6A3C-4028-B2E3-FBED59E7D5C5}.Release|x86.Build.0 = Release|Any CPU
		{EFA80607-3967-494B-A9B1-712E703BB316}.Debug|Any CPU.ActiveCfg = Debug|Any CPU
		{EFA80607-3967-494B-A9B1-712E703BB316}.Debug|Any CPU.Build.0 = Debug|Any CPU
		{EFA80607-3967-494B-A9B1-712E703BB316}.Debug|ARM.ActiveCfg = Debug|Any CPU
		{EFA80607-3967-494B-A9B1-712E703BB316}.Debug|ARM.Build.0 = Debug|Any CPU
		{EFA80607-3967-494B-A9B1-712E703BB316}.Debug|iPhone.ActiveCfg = Debug|Any CPU
		{EFA80607-3967-494B-A9B1-712E703BB316}.Debug|iPhone.Build.0 = Debug|Any CPU
		{EFA80607-3967-494B-A9B1-712E703BB316}.Debug|iPhoneSimulator.ActiveCfg = Debug|Any CPU
		{EFA80607-3967-494B-A9B1-712E703BB316}.Debug|iPhoneSimulator.Build.0 = Debug|Any CPU
		{EFA80607-3967-494B-A9B1-712E703BB316}.Debug|x64.ActiveCfg = Debug|Any CPU
		{EFA80607-3967-494B-A9B1-712E703BB316}.Debug|x64.Build.0 = Debug|Any CPU
		{EFA80607-3967-494B-A9B1-712E703BB316}.Debug|x86.ActiveCfg = Debug|Any CPU
		{EFA80607-3967-494B-A9B1-712E703BB316}.Debug|x86.Build.0 = Debug|Any CPU
		{EFA80607-3967-494B-A9B1-712E703BB316}.Release|Any CPU.ActiveCfg = Release|Any CPU
		{EFA80607-3967-494B-A9B1-712E703BB316}.Release|Any CPU.Build.0 = Release|Any CPU
		{EFA80607-3967-494B-A9B1-712E703BB316}.Release|ARM.ActiveCfg = Release|Any CPU
		{EFA80607-3967-494B-A9B1-712E703BB316}.Release|ARM.Build.0 = Release|Any CPU
		{EFA80607-3967-494B-A9B1-712E703BB316}.Release|iPhone.ActiveCfg = Release|Any CPU
		{EFA80607-3967-494B-A9B1-712E703BB316}.Release|iPhone.Build.0 = Release|Any CPU
		{EFA80607-3967-494B-A9B1-712E703BB316}.Release|iPhoneSimulator.ActiveCfg = Release|Any CPU
		{EFA80607-3967-494B-A9B1-712E703BB316}.Release|iPhoneSimulator.Build.0 = Release|Any CPU
		{EFA80607-3967-494B-A9B1-712E703BB316}.Release|x64.ActiveCfg = Release|Any CPU
		{EFA80607-3967-494B-A9B1-712E703BB316}.Release|x64.Build.0 = Release|Any CPU
		{EFA80607-3967-494B-A9B1-712E703BB316}.Release|x86.ActiveCfg = Release|Any CPU
		{EFA80607-3967-494B-A9B1-712E703BB316}.Release|x86.Build.0 = Release|Any CPU
	EndGlobalSection
	GlobalSection(SolutionProperties) = preSolution
		HideSolutionNode = FALSE
	EndGlobalSection
	GlobalSection(ExtensibilityGlobals) = postSolution
		SolutionGuid = {7F4BF00C-591B-4882-A68F-0B3AAF05E0CA}
	EndGlobalSection
EndGlobal
